
Microsoft Visual Studio Solution File, Format Version 12.00
# Visual Studio 2012
Project("{FAE04EC0-301F-11D3-BF4B-00C04F79EFBC}") = "PredictiveCodeSuggestions", "PredictiveCodeSuggestions.csproj", "{F4C51C70-9CE0-4BD3-BB43-DC6E058D379B}"
EndProject
Global
	GlobalSection(SolutionConfigurationPlatforms) = preSolution
		Debug|Any CPU = Debug|Any CPU
		Release|Any CPU = Release|Any CPU
	EndGlobalSection
	GlobalSection(ProjectConfigurationPlatforms) = postSolution
		{F4C51C70-9CE0-4BD3-BB43-DC6E058D379B}.Debug|Any CPU.ActiveCfg = Debug|Any CPU
		{F4C51C70-9CE0-4BD3-BB43-DC6E058D379B}.Debug|Any CPU.Build.0 = Debug|Any CPU
		{F4C51C70-9CE0-4BD3-BB43-DC6E058D379B}.Release|Any CPU.ActiveCfg = Release|Any CPU
		{F4C51C70-9CE0-4BD3-BB43-DC6E058D379B}.Release|Any CPU.Build.0 = Release|Any CPU
	EndGlobalSection
	GlobalSection(SolutionProperties) = preSolution
		HideSolutionNode = FALSE
	EndGlobalSection
EndGlobal
